version = 1
revision = 3
requires-python = ">=3.13"

[manifest]

[manifest.dependency-groups]
dev = [{ name = "pyshacl", specifier = ">=0.31.0" }]

[[package]]
name = "html5rdf"
version = "1.2.1"
source = { registry = "https://pypi.org/simple" }
sdist = { url = "https://files.pythonhosted.org/packages/4c/55/1b839c43f5ed8207e17a9a02d8b395179520b8b4f00c00a41e113bc205ca/html5rdf-1.2.1.tar.gz", hash = "sha256:ace9b420ce52995bb4f05e7425eedf19e433c981dfe7a831ab391e2fa2e1a195", size = 287899, upload-time = "2024-10-30T05:06:56.384Z" }
wheels = [
    { url = "https://files.pythonhosted.org/packages/7d/c9/f6e1e8567660bc5b0aba281f2b0017b2a7665fcad6bf3ed67286a0c72cd4/html5rdf-1.2.1-py2.py3-none-any.whl", hash = "sha256:1f519121bc366af3e485310dc8041d2e86e5173c1a320fac3dc9d2604069b83e", size = 109765, upload-time = "2024-10-30T05:06:52.507Z" },
]

[[package]]
name = "owlrl"
version = "7.1.4"
source = { registry = "https://pypi.org/simple" }
dependencies = [
    { name = "rdflib" },
]
sdist = { url = "https://files.pythonhosted.org/packages/d1/fc/ce12482d096d65fff01af58f555a6f25e9dbf416fad5d99f91eaab0e11ca/owlrl-7.1.4.tar.gz", hash = "sha256:60bd4067e346b9111f0a2924565afe97ac6595b98b2bbe953928b5113971daf7", size = 44420, upload-time = "2025-07-29T00:17:27.608Z" }
wheels = [
    { url = "https://files.pythonhosted.org/packages/de/78/f857ff1a7207e967dc5e8414bbcc15e0aa5cf45f693b1d2ebe2afb3eb1ce/owlrl-7.1.4-py3-none-any.whl", hash = "sha256:e78b46020169783345636da93a467d318f18700c483184dd15e885850cf64775", size = 51981, upload-time = "2025-07-29T00:17:26.229Z" },
]

[[package]]
name = "packaging"
version = "26.0"
source = { registry = "https://pypi.org/simple" }
sdist = { url = "https://files.pythonhosted.org/packages/65/ee/299d360cdc32edc7d2cf530f3accf79c4fca01e96ffc950d8a52213bd8e4/packaging-26.0.tar.gz", hash = "sha256:00243ae351a257117b6a241061796684b084ed1c516a08c48a3f7e147a9d80b4", size = 143416, upload-time = "2026-01-21T20:50:39.064Z" }
wheels = [
    { url = "https://files.pythonhosted.org/packages/b7/b9/c538f279a4e237a006a2c98387d081e9eb060d203d8ed34467cc0f0b9b53/packaging-26.0-py3-none-any.whl", hash = "sha256:b36f1fef9334a5588b4166f8bcd26a14e521f2b55e6b9de3aaa80d3ff7a37529", size = 74366, upload-time = "2026-01-21T20:50:37.788Z" },
]

[[package]]
name = "prettytable"
version = "3.17.0"
source = { registry = "https://pypi.org/simple" }
dependencies = [
    { name = "wcwidth" },
]
sdist = { url = "https://files.pythonhosted.org/packages/79/45/b0847d88d6cfeb4413566738c8bbf1e1995fad3d42515327ff32cc1eb578/prettytable-3.17.0.tar.gz", hash = "sha256:59f2590776527f3c9e8cf9fe7b66dd215837cca96a9c39567414cbc632e8ddb0", size = 67892, upload-time = "2025-11-14T17:33:20.212Z" }
wheels = [
    { url = "https://files.pythonhosted.org/packages/ee/8c/83087ebc47ab0396ce092363001fa37c17153119ee282700c0713a195853/prettytable-3.17.0-py3-none-any.whl", hash = "sha256:aad69b294ddbe3e1f95ef8886a060ed1666a0b83018bbf56295f6f226c43d287", size = 34433, upload-time = "2025-11-14T17:33:19.093Z" },
]

[[package]]
name = "pyparsing"
version = "3.3.2"
source = { registry = "https://pypi.org/simple" }
sdist = { url = "https://files.pythonhosted.org/packages/f3/91/9c6ee907786a473bf81c5f53cf703ba0957b23ab84c264080fb5a450416f/pyparsing-3.3.2.tar.gz", hash = "sha256:c777f4d763f140633dcb6d8a3eda953bf7a214dc4eff598413c070bcdc117cbc", size = 6851574, upload-time = "2026-01-21T03:57:59.36Z" }
wheels = [
    { url = "https://files.pythonhosted.org/packages/10/bd/c038d7cc38edc1aa5bf91ab8068b63d4308c66c4c8bb3cbba7dfbc049f9c/pyparsing-3.3.2-py3-none-any.whl", hash = "sha256:850ba148bd908d7e2411587e247a1e4f0327839c40e2e5e6d05a007ecc69911d", size = 122781, upload-time = "2026-01-21T03:57:55.912Z" },
]

[[package]]
name = "pyshacl"
version = "0.31.0"
source = { registry = "https://pypi.org/simple" }
dependencies = [
    { name = "owlrl" },
    { name = "packaging" },
    { name = "prettytable" },
    { name = "rdflib", extra = ["html"] },
]
sdist = { url = "https://files.pythonhosted.org/packages/61/2d/8eaada41b9b57c028a54494688e45cfeefd6756098a6bf1bfa2dd9470cdf/pyshacl-0.31.0.tar.gz", hash = "sha256:327950875a5bb0d1a15c246a8a272b2dbf6bc9b96e28cfa8fdbfa4d73aadc0ba", size = 1406151, upload-time = "2026-01-16T06:34:06.113Z" }
wheels = [
    { url = "https://files.pythonhosted.org/packages/3f/3b/ebd7c9595fcdf176555aaf2fd2254f4d890658334ca3556b611e579f8294/pyshacl-0.31.0-py3-none-any.whl", hash = "sha256:5cae2184401d956b67deebb00e3c78ab7052784741a730e52e309e33c8a0b9a5", size = 1297210, upload-time = "2026-01-16T06:34:03.679Z" },
]

[[package]]
name = "rdflib"
version = "7.6.0"
source = { registry = "https://pypi.org/simple" }
dependencies = [
    { name = "pyparsing" },
]
sdist = { url = "https://files.pythonhosted.org/packages/98/f5/18bb77b7af9526add0c727a3b2048959847dc5fb030913e2918bf384fec3/rdflib-7.6.0.tar.gz", hash = "sha256:6c831288d5e4a5a7ece85d0ccde9877d512a3d0f02d7c06455d00d6d0ea379df", size = 4943826, upload-time = "2026-02-13T07:15:55.938Z" }
wheels = [
    { url = "https://files.pythonhosted.org/packages/10/c2/6604a71269e0c1bd75656d5a001432d16f2cc5b8c057140ec797155c295e/rdflib-7.6.0-py3-none-any.whl", hash = "sha256:30c0a3ebf4c0e09215f066be7246794b6492e054e782d7ac2a34c9f70a15e0dd", size = 615416, upload-time = "2026-02-13T07:15:46.487Z" },
]

[package.optional-dependencies]
html = [
    { name = "html5rdf" },
]

[[package]]
name = "wcwidth"
version = "0.6.0"
source = { registry = "https://pypi.org/simple" }
sdist = { url = "https://files.pythonhosted.org/packages/35/a2/8e3becb46433538a38726c948d3399905a4c7cabd0df578ede5dc51f0ec2/wcwidth-0.6.0.tar.gz", hash = "sha256:cdc4e4262d6ef9a1a57e018384cbeb1208d8abbc64176027e2c2455c81313159", size = 159684, upload-time = "2026-02-06T19:19:40.919Z" }
wheels = [
    { url = "https://files.pythonhosted.org/packages/68/5a/199c59e0a824a3db2b89c5d2dade7ab5f9624dbf6448dc291b46d5ec94d3/wcwidth-0.6.0-py3-none-any.whl", hash = "sha256:1a3a1e510b553315f8e146c54764f4fb6264ffad731b3d78088cdb1478ffbdad", size = 94189, upload-time = "2026-02-06T19:19:39.646Z" },
]
